
Microsoft Visual Studio Solution File, Format Version 12.00
# Visual Studio Version 16
VisualStudioVersion = 16.0.29215.179
MinimumVisualStudioVersion = 10.0.40219.1
Project("{FAE04EC0-301F-11D3-BF4B-00C04F79EFBC}") = "ResXResourceReaderConsole", "ResXResourceReaderConsole\ResXResourceReaderConsole.csproj", "{B9A82E2A-C06B-4B02-AA10-47F9BCAC5B79}"
EndProject
Global
	GlobalSection(SolutionConfigurationPlatforms) = preSolution
		Debug|Any CPU = Debug|Any CPU
		Release|Any CPU = Release|Any CPU
	EndGlobalSection
	GlobalSection(ProjectConfigurationPlatforms) = postSolution
		{B9A82E2A-C06B-4B02-AA10-47F9BCAC5B79}.Debug|Any CPU.ActiveCfg = Debug|Any CPU
		{B9A82E2A-C06B-4B02-AA10-47F9BCAC5B79}.Debug|Any CPU.Build.0 = Debug|Any CPU
		{B9A82E2A-C06B-4B02-AA10-47F9BCAC5B79}.Release|Any CPU.ActiveCfg = Release|Any CPU
		{B9A82E2A-C06B-4B02-AA10-47F9BCAC5B79}.Release|Any CPU.Build.0 = Release|Any CPU
	EndGlobalSection
	GlobalSection(SolutionProperties) = preSolution
		HideSolutionNode = FALSE
	EndGlobalSection
	GlobalSection(ExtensibilityGlobals) = postSolution
		SolutionGuid = {2F43BB3D-5A42-4451-B483-4A436ABFDAF1}
	EndGlobalSection
EndGlobal
